
Microsoft Visual Studio Solution File, Format Version 12.00
# Visual Studio Version 17
VisualStudioVersion = 17.5.002.0
MinimumVisualStudioVersion = 10.0.40219.1
Project("{2150E333-8FDC-42A3-9474-1A3956D46DE8}") = "PracticeCSharpAddition", "PracticeCSharpAddition", "{70738E5B-412A-415A-B762-8EB1282206D9}"
EndProject
Project("{9A19103F-16F7-4668-BE54-9A1E7A4F7556}") = "TaskBinarySearchRecursive", "PracticeCSharpAddition\TaskBinarySearchRecursive\TaskBinarySearchRecursive.csproj", "{1140AA0E-ABEF-42F4-99B9-04083F543CA5}"
EndProject
Project("{9A19103F-16F7-4668-BE54-9A1E7A4F7556}") = "TaskSumFromList", "PracticeCSharpAddition\TaskSumFromList\TaskSumFromList.csproj", "{5E351CE2-8333-4066-A6F4-99502B94DC3A}"
EndProject
Project("{9A19103F-16F7-4668-BE54-9A1E7A4F7556}") = "TaskMathArrayUseRecursion", "PracticeCSharpAddition\TaskMathArrayUseRecursion\TaskMathArrayUseRecursion.csproj", "{61D6A2F1-D78A-4218-A9F4-6ACFBD56FE8A}"
EndProject
Project("{2150E333-8FDC-42A3-9474-1A3956D46DE8}") = "Practice_tasks", "Practice_tasks", "{ED34D5BD-0B77-410A-B198-7EAEAFD0B01A}"
EndProject
Project("{9A19103F-16F7-4668-BE54-9A1E7A4F7556}") = "Task8fromw3resource", "Practice_tasks\Task8fromw3resource\Task8fromw3resource.csproj", "{C6C74AAD-BF75-4041-81AB-30FEB2BDBFEF}"
EndProject
Project("{9A19103F-16F7-4668-BE54-9A1E7A4F7556}") = "Task12", "Practice_tasks\Task12\Task12.csproj", "{2BD64570-0B65-4FD5-90F7-0C31FC43C73B}"
EndProject
Project("{9A19103F-16F7-4668-BE54-9A1E7A4F7556}") = "Task13", "Practice_tasks\Task13\Task13.csproj", "{D84A11E7-C6D4-419C-B088-2E5578E8116D}"
EndProject
Project("{2150E333-8FDC-42A3-9474-1A3956D46DE8}") = "softserve", "softserve", "{8FC61ADB-084E-401C-9CB4-B95089FC16AA}"
EndProject
Project("{2150E333-8FDC-42A3-9474-1A3956D46DE8}") = "C#", "C#", "{E8E14F57-432D-47CA-A9CD-28ABF73C6959}"
EndProject
Project("{2150E333-8FDC-42A3-9474-1A3956D46DE8}") = "homework", "homework", "{8791F87D-0C1F-408F-AB4D-3CCCE00A7567}"
EndProject
Project("{2150E333-8FDC-42A3-9474-1A3956D46DE8}") = "Topic4", "Topic4", "{9A0CFF91-5C53-4BF1-ADFC-4E3BBABD781C}"
EndProject
Project("{9A19103F-16F7-4668-BE54-9A1E7A4F7556}") = "4.1", "softserve\C#\homework\Topic4\4.1\4.1.csproj", "{01788272-CE68-4E3C-BF09-0856B2FC380F}"
EndProject
Global
	GlobalSection(SolutionConfigurationPlatforms) = preSolution
		Debug|Any CPU = Debug|Any CPU
		Release|Any CPU = Release|Any CPU
	EndGlobalSection
	GlobalSection(ProjectConfigurationPlatforms) = postSolution
		{1140AA0E-ABEF-42F4-99B9-04083F543CA5}.Debug|Any CPU.ActiveCfg = Debug|Any CPU
		{1140AA0E-ABEF-42F4-99B9-04083F543CA5}.Debug|Any CPU.Build.0 = Debug|Any CPU
		{1140AA0E-ABEF-42F4-99B9-04083F543CA5}.Release|Any CPU.ActiveCfg = Release|Any CPU
		{1140AA0E-ABEF-42F4-99B9-04083F543CA5}.Release|Any CPU.Build.0 = Release|Any CPU
		{5E351CE2-8333-4066-A6F4-99502B94DC3A}.Debug|Any CPU.ActiveCfg = Debug|Any CPU
		{5E351CE2-8333-4066-A6F4-99502B94DC3A}.Debug|Any CPU.Build.0 = Debug|Any CPU
		{5E351CE2-8333-4066-A6F4-99502B94DC3A}.Release|Any CPU.ActiveCfg = Release|Any CPU
		{5E351CE2-8333-4066-A6F4-99502B94DC3A}.Release|Any CPU.Build.0 = Release|Any CPU
		{61D6A2F1-D78A-4218-A9F4-6ACFBD56FE8A}.Debug|Any CPU.ActiveCfg = Debug|Any CPU
		{61D6A2F1-D78A-4218-A9F4-6ACFBD56FE8A}.Debug|Any CPU.Build.0 = Debug|Any CPU
		{61D6A2F1-D78A-4218-A9F4-6ACFBD56FE8A}.Release|Any CPU.ActiveCfg = Release|Any CPU
		{61D6A2F1-D78A-4218-A9F4-6ACFBD56FE8A}.Release|Any CPU.Build.0 = Release|Any CPU
		{C6C74AAD-BF75-4041-81AB-30FEB2BDBFEF}.Debug|Any CPU.ActiveCfg = Debug|Any CPU
		{C6C74AAD-BF75-4041-81AB-30FEB2BDBFEF}.Debug|Any CPU.Build.0 = Debug|Any CPU
		{C6C74AAD-BF75-4041-81AB-30FEB2BDBFEF}.Release|Any CPU.ActiveCfg = Release|Any CPU
		{C6C74AAD-BF75-4041-81AB-30FEB2BDBFEF}.Release|Any CPU.Build.0 = Release|Any CPU
		{2BD64570-0B65-4FD5-90F7-0C31FC43C73B}.Debug|Any CPU.ActiveCfg = Debug|Any CPU
		{2BD64570-0B65-4FD5-90F7-0C31FC43C73B}.Debug|Any CPU.Build.0 = Debug|Any CPU
		{2BD64570-0B65-4FD5-90F7-0C31FC43C73B}.Release|Any CPU.ActiveCfg = Release|Any CPU
		{2BD64570-0B65-4FD5-90F7-0C31FC43C73B}.Release|Any CPU.Build.0 = Release|Any CPU
		{D84A11E7-C6D4-419C-B088-2E5578E8116D}.Debug|Any CPU.ActiveCfg = Debug|Any CPU
		{D84A11E7-C6D4-419C-B088-2E5578E8116D}.Debug|Any CPU.Build.0 = Debug|Any CPU
		{D84A11E7-C6D4-419C-B088-2E5578E8116D}.Release|Any CPU.ActiveCfg = Release|Any CPU
		{D84A11E7-C6D4-419C-B088-2E5578E8116D}.Release|Any CPU.Build.0 = Release|Any CPU
		{01788272-CE68-4E3C-BF09-0856B2FC380F}.Debug|Any CPU.ActiveCfg = Debug|Any CPU
		{01788272-CE68-4E3C-BF09-0856B2FC380F}.Debug|Any CPU.Build.0 = Debug|Any CPU
		{01788272-CE68-4E3C-BF09-0856B2FC380F}.Release|Any CPU.ActiveCfg = Release|Any CPU
		{01788272-CE68-4E3C-BF09-0856B2FC380F}.Release|Any CPU.Build.0 = Release|Any CPU
	EndGlobalSection
	GlobalSection(SolutionProperties) = preSolution
		HideSolutionNode = FALSE
	EndGlobalSection
	GlobalSection(NestedProjects) = preSolution
		{1140AA0E-ABEF-42F4-99B9-04083F543CA5} = {70738E5B-412A-415A-B762-8EB1282206D9}
		{5E351CE2-8333-4066-A6F4-99502B94DC3A} = {70738E5B-412A-415A-B762-8EB1282206D9}
		{61D6A2F1-D78A-4218-A9F4-6ACFBD56FE8A} = {70738E5B-412A-415A-B762-8EB1282206D9}
		{C6C74AAD-BF75-4041-81AB-30FEB2BDBFEF} = {ED34D5BD-0B77-410A-B198-7EAEAFD0B01A}
		{2BD64570-0B65-4FD5-90F7-0C31FC43C73B} = {ED34D5BD-0B77-410A-B198-7EAEAFD0B01A}
		{D84A11E7-C6D4-419C-B088-2E5578E8116D} = {ED34D5BD-0B77-410A-B198-7EAEAFD0B01A}
		{E8E14F57-432D-47CA-A9CD-28ABF73C6959} = {8FC61ADB-084E-401C-9CB4-B95089FC16AA}
		{8791F87D-0C1F-408F-AB4D-3CCCE00A7567} = {E8E14F57-432D-47CA-A9CD-28ABF73C6959}
		{9A0CFF91-5C53-4BF1-ADFC-4E3BBABD781C} = {8791F87D-0C1F-408F-AB4D-3CCCE00A7567}
		{01788272-CE68-4E3C-BF09-0856B2FC380F} = {9A0CFF91-5C53-4BF1-ADFC-4E3BBABD781C}
	EndGlobalSection
	GlobalSection(ExtensibilityGlobals) = postSolution
		SolutionGuid = {AFFEF1F7-5664-489C-9F9B-3AA6A55A7858}
	EndGlobalSection
EndGlobal
