
Microsoft Visual Studio Solution File, Format Version 12.00
# Visual Studio Version 17
VisualStudioVersion = 17.5.002.0
MinimumVisualStudioVersion = 10.0.40219.1
Project("{2150E333-8FDC-42A3-9474-1A3956D46DE8}") = "PracticeCSharpAddition", "PracticeCSharpAddition", "{937EBF54-0B24-4473-A3CC-2A385B47255C}"
EndProject
Project("{9A19103F-16F7-4668-BE54-9A1E7A4F7556}") = "TaskBinarySearchRecursive", "PracticeCSharpAddition\TaskBinarySearchRecursive\TaskBinarySearchRecursive.csproj", "{262B9EEB-025E-44D6-933E-7F1F2A980F16}"
EndProject
Project("{9A19103F-16F7-4668-BE54-9A1E7A4F7556}") = "TaskSumFromList", "PracticeCSharpAddition\TaskSumFromList\TaskSumFromList.csproj", "{A3DF71D4-BE8A-4E10-BD40-CC309BEA7116}"
EndProject
Project("{9A19103F-16F7-4668-BE54-9A1E7A4F7556}") = "TaskMathArrayUseRecursion", "PracticeCSharpAddition\TaskMathArrayUseRecursion\TaskMathArrayUseRecursion.csproj", "{D0DD5581-DC52-4258-B7B2-9AA9738E0DE1}"
EndProject
Project("{2150E333-8FDC-42A3-9474-1A3956D46DE8}") = "Practice_tasks", "Practice_tasks", "{924160A5-D400-4D67-8CBF-E639689C140B}"
EndProject
Project("{9A19103F-16F7-4668-BE54-9A1E7A4F7556}") = "Task8fromw3resource", "Practice_tasks\Task8fromw3resource\Task8fromw3resource.csproj", "{799AFCA8-31BB-4A71-87B3-CA936CE6D298}"
EndProject
Project("{9A19103F-16F7-4668-BE54-9A1E7A4F7556}") = "Task12", "Practice_tasks\Task12\Task12.csproj", "{39DBA1F3-5F92-4107-8894-74E3300CB6DD}"
EndProject
Project("{9A19103F-16F7-4668-BE54-9A1E7A4F7556}") = "Task13", "Practice_tasks\Task13\Task13.csproj", "{EF57B9E2-79FA-44B3-8209-EAD4A81625D2}"
EndProject
Global
	GlobalSection(SolutionConfigurationPlatforms) = preSolution
		Debug|Any CPU = Debug|Any CPU
		Release|Any CPU = Release|Any CPU
	EndGlobalSection
	GlobalSection(ProjectConfigurationPlatforms) = postSolution
		{262B9EEB-025E-44D6-933E-7F1F2A980F16}.Debug|Any CPU.ActiveCfg = Debug|Any CPU
		{262B9EEB-025E-44D6-933E-7F1F2A980F16}.Debug|Any CPU.Build.0 = Debug|Any CPU
		{262B9EEB-025E-44D6-933E-7F1F2A980F16}.Release|Any CPU.ActiveCfg = Release|Any CPU
		{262B9EEB-025E-44D6-933E-7F1F2A980F16}.Release|Any CPU.Build.0 = Release|Any CPU
		{A3DF71D4-BE8A-4E10-BD40-CC309BEA7116}.Debug|Any CPU.ActiveCfg = Debug|Any CPU
		{A3DF71D4-BE8A-4E10-BD40-CC309BEA7116}.Debug|Any CPU.Build.0 = Debug|Any CPU
		{A3DF71D4-BE8A-4E10-BD40-CC309BEA7116}.Release|Any CPU.ActiveCfg = Release|Any CPU
		{A3DF71D4-BE8A-4E10-BD40-CC309BEA7116}.Release|Any CPU.Build.0 = Release|Any CPU
		{D0DD5581-DC52-4258-B7B2-9AA9738E0DE1}.Debug|Any CPU.ActiveCfg = Debug|Any CPU
		{D0DD5581-DC52-4258-B7B2-9AA9738E0DE1}.Debug|Any CPU.Build.0 = Debug|Any CPU
		{D0DD5581-DC52-4258-B7B2-9AA9738E0DE1}.Release|Any CPU.ActiveCfg = Release|Any CPU
		{D0DD5581-DC52-4258-B7B2-9AA9738E0DE1}.Release|Any CPU.Build.0 = Release|Any CPU
		{799AFCA8-31BB-4A71-87B3-CA936CE6D298}.Debug|Any CPU.ActiveCfg = Debug|Any CPU
		{799AFCA8-31BB-4A71-87B3-CA936CE6D298}.Debug|Any CPU.Build.0 = Debug|Any CPU
		{799AFCA8-31BB-4A71-87B3-CA936CE6D298}.Release|Any CPU.ActiveCfg = Release|Any CPU
		{799AFCA8-31BB-4A71-87B3-CA936CE6D298}.Release|Any CPU.Build.0 = Release|Any CPU
		{39DBA1F3-5F92-4107-8894-74E3300CB6DD}.Debug|Any CPU.ActiveCfg = Debug|Any CPU
		{39DBA1F3-5F92-4107-8894-74E3300CB6DD}.Debug|Any CPU.Build.0 = Debug|Any CPU
		{39DBA1F3-5F92-4107-8894-74E3300CB6DD}.Release|Any CPU.ActiveCfg = Release|Any CPU
		{39DBA1F3-5F92-4107-8894-74E3300CB6DD}.Release|Any CPU.Build.0 = Release|Any CPU
		{EF57B9E2-79FA-44B3-8209-EAD4A81625D2}.Debug|Any CPU.ActiveCfg = Debug|Any CPU
		{EF57B9E2-79FA-44B3-8209-EAD4A81625D2}.Debug|Any CPU.Build.0 = Debug|Any CPU
		{EF57B9E2-79FA-44B3-8209-EAD4A81625D2}.Release|Any CPU.ActiveCfg = Release|Any CPU
		{EF57B9E2-79FA-44B3-8209-EAD4A81625D2}.Release|Any CPU.Build.0 = Release|Any CPU
	EndGlobalSection
	GlobalSection(SolutionProperties) = preSolution
		HideSolutionNode = FALSE
	EndGlobalSection
	GlobalSection(NestedProjects) = preSolution
		{262B9EEB-025E-44D6-933E-7F1F2A980F16} = {937EBF54-0B24-4473-A3CC-2A385B47255C}
		{A3DF71D4-BE8A-4E10-BD40-CC309BEA7116} = {937EBF54-0B24-4473-A3CC-2A385B47255C}
		{D0DD5581-DC52-4258-B7B2-9AA9738E0DE1} = {937EBF54-0B24-4473-A3CC-2A385B47255C}
		{799AFCA8-31BB-4A71-87B3-CA936CE6D298} = {924160A5-D400-4D67-8CBF-E639689C140B}
		{39DBA1F3-5F92-4107-8894-74E3300CB6DD} = {924160A5-D400-4D67-8CBF-E639689C140B}
		{EF57B9E2-79FA-44B3-8209-EAD4A81625D2} = {924160A5-D400-4D67-8CBF-E639689C140B}
	EndGlobalSection
	GlobalSection(ExtensibilityGlobals) = postSolution
		SolutionGuid = {AFFEF1F7-5664-489C-9F9B-3AA6A55A7858}
	EndGlobalSection
EndGlobal
