
Microsoft Visual Studio Solution File, Format Version 12.00
# Visual Studio Version 17
VisualStudioVersion = 17.5.002.0
MinimumVisualStudioVersion = 10.0.40219.1
Project("{2150E333-8FDC-42A3-9474-1A3956D46DE8}") = "Practice_tasks", "Practice_tasks", "{4E1C074B-952E-4BBA-BDED-83A9B03B5C58}"
EndProject
Project("{9A19103F-16F7-4668-BE54-9A1E7A4F7556}") = "Task8fromw3resource", "Practice_tasks\Task8fromw3resource\Task8fromw3resource.csproj", "{9F781B64-3E3D-428F-A6CA-FFEF3068C1F0}"
EndProject
Project("{9A19103F-16F7-4668-BE54-9A1E7A4F7556}") = "Task12", "Practice_tasks\Task12\Task12.csproj", "{F5076F8F-76CF-41EF-9A93-09EE6410E6A4}"
EndProject
Global
	GlobalSection(SolutionConfigurationPlatforms) = preSolution
		Debug|Any CPU = Debug|Any CPU
		Release|Any CPU = Release|Any CPU
	EndGlobalSection
	GlobalSection(ProjectConfigurationPlatforms) = postSolution
		{9F781B64-3E3D-428F-A6CA-FFEF3068C1F0}.Debug|Any CPU.ActiveCfg = Debug|Any CPU
		{9F781B64-3E3D-428F-A6CA-FFEF3068C1F0}.Debug|Any CPU.Build.0 = Debug|Any CPU
		{9F781B64-3E3D-428F-A6CA-FFEF3068C1F0}.Release|Any CPU.ActiveCfg = Release|Any CPU
		{9F781B64-3E3D-428F-A6CA-FFEF3068C1F0}.Release|Any CPU.Build.0 = Release|Any CPU
		{F5076F8F-76CF-41EF-9A93-09EE6410E6A4}.Debug|Any CPU.ActiveCfg = Debug|Any CPU
		{F5076F8F-76CF-41EF-9A93-09EE6410E6A4}.Debug|Any CPU.Build.0 = Debug|Any CPU
		{F5076F8F-76CF-41EF-9A93-09EE6410E6A4}.Release|Any CPU.ActiveCfg = Release|Any CPU
		{F5076F8F-76CF-41EF-9A93-09EE6410E6A4}.Release|Any CPU.Build.0 = Release|Any CPU
	EndGlobalSection
	GlobalSection(SolutionProperties) = preSolution
		HideSolutionNode = FALSE
	EndGlobalSection
	GlobalSection(NestedProjects) = preSolution
		{9F781B64-3E3D-428F-A6CA-FFEF3068C1F0} = {4E1C074B-952E-4BBA-BDED-83A9B03B5C58}
		{F5076F8F-76CF-41EF-9A93-09EE6410E6A4} = {4E1C074B-952E-4BBA-BDED-83A9B03B5C58}
	EndGlobalSection
	GlobalSection(ExtensibilityGlobals) = postSolution
		SolutionGuid = {AFFEF1F7-5664-489C-9F9B-3AA6A55A7858}
	EndGlobalSection
EndGlobal
